{
  "name": "compute-starter-kit-assemblyscript-default",
  "version": "1.0.0",
  "lockfileVersion": 2,
  "requires": true,
  "packages": {
    "": {
      "version": "1.0.0",
      "license": "MIT",
      "dependencies": {
        "@fastly/as-compute": "^0.3.0"
      },
      "devDependencies": {
        "assemblyscript": "^0.18.12"
      }
    },
    "node_modules/@fastly/as-compute": {
      "version": "0.3.0",
      "resolved": "https://registry.npmjs.org/@fastly/as-compute/-/as-compute-0.3.0.tgz",
      "integrity": "sha512-0XyKfi5vSMV1jeZ0SSYyJO9Y/SfoY6rQKQAbg+QK9Ehsh0lxiyyl7NIyiAYKLP6ywhtyb67YQ6fcsOKOrXBO2w==",
      "dependencies": {
        "@fastly/as-fetch": "0.3.0",
        "@fastly/as-url": "0.1.1",
        "assemblyscript-json": "^1.0.0"
      },
      "peerDependencies": {
        "assemblyscript": "0.18.x"
      }
    },
    "node_modules/@fastly/as-fetch": {
      "version": "0.3.0",
      "resolved": "https://registry.npmjs.org/@fastly/as-fetch/-/as-fetch-0.3.0.tgz",
      "integrity": "sha512-KjbexwxCAuk3W8ZMwy+zrTQ3/alLXA4Dd486VAW/zuS4BguWv205iEu8f5Hc+e87AjJSz1kkL9H4Ope/RZFYeQ=="
    },
    "node_modules/@fastly/as-url": {
      "version": "0.1.1",
      "resolved": "https://registry.npmjs.org/@fastly/as-url/-/as-url-0.1.1.tgz",
      "integrity": "sha512-wB68lHDjjiSSeCQgUlsoMRUwmVqTGOBJHzgJ2f73LuU1j/kcSzDf6+m9sxddsBVrZJaDAqrbAfcRZikYtGIRMw=="
    },
    "node_modules/assemblyscript": {
      "version": "0.18.32",
      "resolved": "https://registry.npmjs.org/assemblyscript/-/assemblyscript-0.18.32.tgz",
      "integrity": "sha512-Py6zremwGhO3nSoI/VxyVUzTZfNhTjzNzFDaUdG4JhPJHeG+FzVlEoNCrw4bE5nPc7F+P2DJ8tZQCqIt15ceKw==",
      "dependencies": {
        "binaryen": "100.0.0-nightly.20210413",
        "long": "^4.0.0"
      },
      "bin": {
        "asc": "bin/asc",
        "asinit": "bin/asinit"
      },
      "funding": {
        "type": "opencollective",
        "url": "https://opencollective.com/assemblyscript"
      }
    },
    "node_modules/assemblyscript-json": {
      "version": "1.0.0",
      "resolved": "https://registry.npmjs.org/assemblyscript-json/-/assemblyscript-json-1.0.0.tgz",
      "integrity": "sha512-Cv96RESaVbCJn6jqVPXJlrClb3ZoLwcoSNFPDpHMXxi7NqLBeUGhV6zitSjLIgPHXVocIuYYH+SnykzEtErrBg=="
    },
    "node_modules/binaryen": {
      "version": "100.0.0-nightly.20210413",
      "resolved": "https://registry.npmjs.org/binaryen/-/binaryen-100.0.0-nightly.20210413.tgz",
      "integrity": "sha512-EeGLIxQmJS0xnYl+SH34mNBqVMoixKd9nsE7S7z+CtS9A4eoWn3Qjav+XElgunUgXIHAI5yLnYT2TUGnLX2f1w==",
      "bin": {
        "wasm-opt": "bin/wasm-opt"
      }
    },
    "node_modules/long": {
      "version": "4.0.0",
      "resolved": "https://registry.npmjs.org/long/-/long-4.0.0.tgz",
      "integrity": "sha512-XsP+KhQif4bjX1kbuSiySJFNAehNxgLb6hPRGJ9QsUr8ajHkuXGdrHmFUTUUXhDwVX2R5bY4JNZEwbUiMhV+MA=="
    }
  },
  "dependencies": {
    "@fastly/as-compute": {
      "version": "0.3.0",
      "resolved": "https://registry.npmjs.org/@fastly/as-compute/-/as-compute-0.3.0.tgz",
      "integrity": "sha512-0XyKfi5vSMV1jeZ0SSYyJO9Y/SfoY6rQKQAbg+QK9Ehsh0lxiyyl7NIyiAYKLP6ywhtyb67YQ6fcsOKOrXBO2w==",
      "requires": {
        "@fastly/as-fetch": "0.3.0",
        "@fastly/as-url": "0.1.1",
        "assemblyscript-json": "^1.0.0"
      }
    },
    "@fastly/as-fetch": {
      "version": "0.3.0",
      "resolved": "https://registry.npmjs.org/@fastly/as-fetch/-/as-fetch-0.3.0.tgz",
      "integrity": "sha512-KjbexwxCAuk3W8ZMwy+zrTQ3/alLXA4Dd486VAW/zuS4BguWv205iEu8f5Hc+e87AjJSz1kkL9H4Ope/RZFYeQ=="
    },
    "@fastly/as-url": {
      "version": "0.1.1",
      "resolved": "https://registry.npmjs.org/@fastly/as-url/-/as-url-0.1.1.tgz",
      "integrity": "sha512-wB68lHDjjiSSeCQgUlsoMRUwmVqTGOBJHzgJ2f73LuU1j/kcSzDf6+m9sxddsBVrZJaDAqrbAfcRZikYtGIRMw=="
    },
    "assemblyscript": {
      "version": "0.18.32",
      "resolved": "https://registry.npmjs.org/assemblyscript/-/assemblyscript-0.18.32.tgz",
      "integrity": "sha512-Py6zremwGhO3nSoI/VxyVUzTZfNhTjzNzFDaUdG4JhPJHeG+FzVlEoNCrw4bE5nPc7F+P2DJ8tZQCqIt15ceKw==",
      "requires": {
        "binaryen": "100.0.0-nightly.20210413",
        "long": "^4.0.0"
      }
    },
    "assemblyscript-json": {
      "version": "1.0.0",
      "resolved": "https://registry.npmjs.org/assemblyscript-json/-/assemblyscript-json-1.0.0.tgz",
      "integrity": "sha512-Cv96RESaVbCJn6jqVPXJlrClb3ZoLwcoSNFPDpHMXxi7NqLBeUGhV6zitSjLIgPHXVocIuYYH+SnykzEtErrBg=="
    },
    "binaryen": {
      "version": "100.0.0-nightly.20210413",
      "resolved": "https://registry.npmjs.org/binaryen/-/binaryen-100.0.0-nightly.20210413.tgz",
      "integrity": "sha512-EeGLIxQmJS0xnYl+SH34mNBqVMoixKd9nsE7S7z+CtS9A4eoWn3Qjav+XElgunUgXIHAI5yLnYT2TUGnLX2f1w=="
    },
    "long": {
      "version": "4.0.0",
      "resolved": "https://registry.npmjs.org/long/-/long-4.0.0.tgz",
      "integrity": "sha512-XsP+KhQif4bjX1kbuSiySJFNAehNxgLb6hPRGJ9QsUr8ajHkuXGdrHmFUTUUXhDwVX2R5bY4JNZEwbUiMhV+MA=="
    }
  }
}
